
Microsoft Visual Studio Solution File, Format Version 12.00
# Visual Studio Version 17
VisualStudioVersion = 17.4.33213.308
MinimumVisualStudioVersion = 10.0.40219.1
Project("{2150E333-8FDC-42A3-9474-1A3956D46DE8}") = "JudgyUnitTests", "JudgyUnitTests", "{1C9C632E-01BF-4BCD-A194-26397F0D619A}"
EndProject
Project("{2150E333-8FDC-42A3-9474-1A3956D46DE8}") = "1. Bad Code", "1. Bad Code", "{A1964024-E863-4053-ADAD-518DEC4CE677}"
EndProject
Project("{2150E333-8FDC-42A3-9474-1A3956D46DE8}") = "2. Infinite Loop", "2. Infinite Loop", "{77B4BAE9-2AE4-464A-A5DA-15B91CD7C2D8}"
EndProject
Project("{9A19103F-16F7-4668-BE54-9A1E7A4F7556}") = "FixingTheInfiniteLoop", "JudgyUnitTests\2. Infinite Loop\FixingTheInfiniteLoop\FixingTheInfiniteLoop.csproj", "{D55637C1-13B0-4065-A518-3AEAE14A540C}"
EndProject
Project("{9A19103F-16F7-4668-BE54-9A1E7A4F7556}") = "BadCodeToBeJudged", "JudgyUnitTests\1. Bad Code\BadCodeToBeJudged\BadCodeToBeJudged.csproj", "{BCBE8A35-3637-4321-AFCD-C6EB21B1500C}"
EndProject
Project("{9A19103F-16F7-4668-BE54-9A1E7A4F7556}") = "BadCodeToBeJudgedUnitTests", "JudgyUnitTests\1. Bad Code\BadCodeToBeJudgedUnitTests\BadCodeToBeJudgedUnitTests.csproj", "{E1EA2E23-DD2A-49FC-920C-A14D034933E4}"
EndProject
Project("{9A19103F-16F7-4668-BE54-9A1E7A4F7556}") = "FixingTheInfiniteLoopUnitTests", "JudgyUnitTests\2. Infinite Loop\FixingTheInfiniteLoopUnitTests\FixingTheInfiniteLoopUnitTests.csproj", "{06094337-D770-40DB-9187-25F3F59712AE}"
EndProject
Project("{2150E333-8FDC-42A3-9474-1A3956D46DE8}") = "3. Concrete Classes", "3. Concrete Classes", "{AA5D7595-6F66-4DD3-B0E1-36211824FCA3}"
EndProject
Project("{9A19103F-16F7-4668-BE54-9A1E7A4F7556}") = "FixingConcreteDependencies", "JudgyUnitTests\3. Concrete Classes\FixingConcreteDependencies\FixingConcreteDependencies.csproj", "{D0C48F5E-80AA-4C08-BA60-9DAFB4CA34BE}"
EndProject
Project("{9A19103F-16F7-4668-BE54-9A1E7A4F7556}") = "FixingConcreteDependenciesUnitTests", "JudgyUnitTests\3. Concrete Classes\FixingConcreteDependenciesUnitTests\FixingConcreteDependenciesUnitTests.csproj", "{2ACBAC6B-3E83-4403-AAA6-B3176AE2DA34}"
EndProject
Project("{2150E333-8FDC-42A3-9474-1A3956D46DE8}") = "4. Static Code", "4. Static Code", "{3C82E431-44D4-44B0-8DC4-19D01B0D37D5}"
EndProject
Project("{9A19103F-16F7-4668-BE54-9A1E7A4F7556}") = "FixingStaticCode", "JudgyUnitTests\4. Static Code\FixingStaticCode\FixingStaticCode.csproj", "{5F783F3B-976E-4156-8EF3-B259608407DD}"
EndProject
Project("{9A19103F-16F7-4668-BE54-9A1E7A4F7556}") = "FixingStaticCodeUnitTests", "JudgyUnitTests\4. Static Code\FixingStaticCodeUnitTests\FixingStaticCodeUnitTests.csproj", "{D8C15125-F5FF-4D73-88C0-E1C227ED8123}"
EndProject
Project("{2150E333-8FDC-42A3-9474-1A3956D46DE8}") = "5. Simplicity", "5. Simplicity", "{0CFD3669-DA31-44A3-8500-DE36F2D59E2F}"
EndProject
Project("{FAE04EC0-301F-11D3-BF4B-00C04F79EFBC}") = "Simplicity", "JudgyUnitTests\5. Simplicity\Simplicity\Simplicity.csproj", "{97181140-90BD-4502-815F-BDF24939AF6C}"
EndProject
Project("{FAE04EC0-301F-11D3-BF4B-00C04F79EFBC}") = "SimplicityUnitTests", "JudgyUnitTests\5. Simplicity\SimplicityUnitTests\SimplicityUnitTests.csproj", "{78A6FAA9-8D09-439A-9B7D-212161F4D8EA}"
EndProject
Global
	GlobalSection(SolutionConfigurationPlatforms) = preSolution
		Debug|Any CPU = Debug|Any CPU
		Release|Any CPU = Release|Any CPU
	EndGlobalSection
	GlobalSection(ProjectConfigurationPlatforms) = postSolution
		{D55637C1-13B0-4065-A518-3AEAE14A540C}.Debug|Any CPU.ActiveCfg = Debug|Any CPU
		{D55637C1-13B0-4065-A518-3AEAE14A540C}.Debug|Any CPU.Build.0 = Debug|Any CPU
		{D55637C1-13B0-4065-A518-3AEAE14A540C}.Release|Any CPU.ActiveCfg = Release|Any CPU
		{D55637C1-13B0-4065-A518-3AEAE14A540C}.Release|Any CPU.Build.0 = Release|Any CPU
		{BCBE8A35-3637-4321-AFCD-C6EB21B1500C}.Debug|Any CPU.ActiveCfg = Debug|Any CPU
		{BCBE8A35-3637-4321-AFCD-C6EB21B1500C}.Debug|Any CPU.Build.0 = Debug|Any CPU
		{BCBE8A35-3637-4321-AFCD-C6EB21B1500C}.Release|Any CPU.ActiveCfg = Release|Any CPU
		{BCBE8A35-3637-4321-AFCD-C6EB21B1500C}.Release|Any CPU.Build.0 = Release|Any CPU
		{E1EA2E23-DD2A-49FC-920C-A14D034933E4}.Debug|Any CPU.ActiveCfg = Debug|Any CPU
		{E1EA2E23-DD2A-49FC-920C-A14D034933E4}.Debug|Any CPU.Build.0 = Debug|Any CPU
		{E1EA2E23-DD2A-49FC-920C-A14D034933E4}.Release|Any CPU.ActiveCfg = Release|Any CPU
		{E1EA2E23-DD2A-49FC-920C-A14D034933E4}.Release|Any CPU.Build.0 = Release|Any CPU
		{06094337-D770-40DB-9187-25F3F59712AE}.Debug|Any CPU.ActiveCfg = Debug|Any CPU
		{06094337-D770-40DB-9187-25F3F59712AE}.Debug|Any CPU.Build.0 = Debug|Any CPU
		{06094337-D770-40DB-9187-25F3F59712AE}.Release|Any CPU.ActiveCfg = Release|Any CPU
		{06094337-D770-40DB-9187-25F3F59712AE}.Release|Any CPU.Build.0 = Release|Any CPU
		{D0C48F5E-80AA-4C08-BA60-9DAFB4CA34BE}.Debug|Any CPU.ActiveCfg = Debug|Any CPU
		{D0C48F5E-80AA-4C08-BA60-9DAFB4CA34BE}.Debug|Any CPU.Build.0 = Debug|Any CPU
		{D0C48F5E-80AA-4C08-BA60-9DAFB4CA34BE}.Release|Any CPU.ActiveCfg = Release|Any CPU
		{D0C48F5E-80AA-4C08-BA60-9DAFB4CA34BE}.Release|Any CPU.Build.0 = Release|Any CPU
		{2ACBAC6B-3E83-4403-AAA6-B3176AE2DA34}.Debug|Any CPU.ActiveCfg = Debug|Any CPU
		{2ACBAC6B-3E83-4403-AAA6-B3176AE2DA34}.Debug|Any CPU.Build.0 = Debug|Any CPU
		{2ACBAC6B-3E83-4403-AAA6-B3176AE2DA34}.Release|Any CPU.ActiveCfg = Release|Any CPU
		{2ACBAC6B-3E83-4403-AAA6-B3176AE2DA34}.Release|Any CPU.Build.0 = Release|Any CPU
		{5F783F3B-976E-4156-8EF3-B259608407DD}.Debug|Any CPU.ActiveCfg = Debug|Any CPU
		{5F783F3B-976E-4156-8EF3-B259608407DD}.Debug|Any CPU.Build.0 = Debug|Any CPU
		{5F783F3B-976E-4156-8EF3-B259608407DD}.Release|Any CPU.ActiveCfg = Release|Any CPU
		{5F783F3B-976E-4156-8EF3-B259608407DD}.Release|Any CPU.Build.0 = Release|Any CPU
		{D8C15125-F5FF-4D73-88C0-E1C227ED8123}.Debug|Any CPU.ActiveCfg = Debug|Any CPU
		{D8C15125-F5FF-4D73-88C0-E1C227ED8123}.Debug|Any CPU.Build.0 = Debug|Any CPU
		{D8C15125-F5FF-4D73-88C0-E1C227ED8123}.Release|Any CPU.ActiveCfg = Release|Any CPU
		{D8C15125-F5FF-4D73-88C0-E1C227ED8123}.Release|Any CPU.Build.0 = Release|Any CPU
		{97181140-90BD-4502-815F-BDF24939AF6C}.Debug|Any CPU.ActiveCfg = Debug|Any CPU
		{97181140-90BD-4502-815F-BDF24939AF6C}.Debug|Any CPU.Build.0 = Debug|Any CPU
		{97181140-90BD-4502-815F-BDF24939AF6C}.Release|Any CPU.ActiveCfg = Release|Any CPU
		{97181140-90BD-4502-815F-BDF24939AF6C}.Release|Any CPU.Build.0 = Release|Any CPU
		{78A6FAA9-8D09-439A-9B7D-212161F4D8EA}.Debug|Any CPU.ActiveCfg = Debug|Any CPU
		{78A6FAA9-8D09-439A-9B7D-212161F4D8EA}.Debug|Any CPU.Build.0 = Debug|Any CPU
		{78A6FAA9-8D09-439A-9B7D-212161F4D8EA}.Release|Any CPU.ActiveCfg = Release|Any CPU
		{78A6FAA9-8D09-439A-9B7D-212161F4D8EA}.Release|Any CPU.Build.0 = Release|Any CPU
	EndGlobalSection
	GlobalSection(SolutionProperties) = preSolution
		HideSolutionNode = FALSE
	EndGlobalSection
	GlobalSection(NestedProjects) = preSolution
		{A1964024-E863-4053-ADAD-518DEC4CE677} = {1C9C632E-01BF-4BCD-A194-26397F0D619A}
		{77B4BAE9-2AE4-464A-A5DA-15B91CD7C2D8} = {1C9C632E-01BF-4BCD-A194-26397F0D619A}
		{D55637C1-13B0-4065-A518-3AEAE14A540C} = {77B4BAE9-2AE4-464A-A5DA-15B91CD7C2D8}
		{BCBE8A35-3637-4321-AFCD-C6EB21B1500C} = {A1964024-E863-4053-ADAD-518DEC4CE677}
		{E1EA2E23-DD2A-49FC-920C-A14D034933E4} = {A1964024-E863-4053-ADAD-518DEC4CE677}
		{06094337-D770-40DB-9187-25F3F59712AE} = {77B4BAE9-2AE4-464A-A5DA-15B91CD7C2D8}
		{AA5D7595-6F66-4DD3-B0E1-36211824FCA3} = {1C9C632E-01BF-4BCD-A194-26397F0D619A}
		{D0C48F5E-80AA-4C08-BA60-9DAFB4CA34BE} = {AA5D7595-6F66-4DD3-B0E1-36211824FCA3}
		{2ACBAC6B-3E83-4403-AAA6-B3176AE2DA34} = {AA5D7595-6F66-4DD3-B0E1-36211824FCA3}
		{3C82E431-44D4-44B0-8DC4-19D01B0D37D5} = {1C9C632E-01BF-4BCD-A194-26397F0D619A}
		{5F783F3B-976E-4156-8EF3-B259608407DD} = {3C82E431-44D4-44B0-8DC4-19D01B0D37D5}
		{D8C15125-F5FF-4D73-88C0-E1C227ED8123} = {3C82E431-44D4-44B0-8DC4-19D01B0D37D5}
		{0CFD3669-DA31-44A3-8500-DE36F2D59E2F} = {1C9C632E-01BF-4BCD-A194-26397F0D619A}
		{97181140-90BD-4502-815F-BDF24939AF6C} = {0CFD3669-DA31-44A3-8500-DE36F2D59E2F}
		{78A6FAA9-8D09-439A-9B7D-212161F4D8EA} = {0CFD3669-DA31-44A3-8500-DE36F2D59E2F}
	EndGlobalSection
	GlobalSection(ExtensibilityGlobals) = postSolution
		SolutionGuid = {DF4755CD-6F91-4814-AB5A-5908E94A2710}
	EndGlobalSection
EndGlobal
